
Microsoft Visual Studio Solution File, Format Version 12.00
# Visual Studio Version 17
VisualStudioVersion = 17.13.35913.81 d17.13
MinimumVisualStudioVersion = 10.0.40219.1
Project("{9A19103F-16F7-4668-BE54-9A1E7A4F7556}") = "Microsoft.Azure.Connectors.SnowflakeV2Contracts", "Contracts\Microsoft.Azure.Connectors.SnowflakeV2Contracts.csproj", "{6E162B04-938C-4D8F-BADE-1840ABF7FBCF}"
EndProject
Project("{FAE04EC0-301F-11D3-BF4B-00C04F79EFBC}") = "SnowflakeTestApp", "SnowflakeTestApp\SnowflakeTestApp.csproj", "{425E935C-3F14-49C5-8159-6DF28181E0FA}"
EndProject
Project("{9A19103F-16F7-4668-BE54-9A1E7A4F7556}") = "SnowflakeV2CoreLogic", "SnowflakeV2CoreLogic\SnowflakeV2CoreLogic.csproj", "{1B06B83B-05E9-4568-A918-3E019DA40254}"
EndProject
Project("{2150E333-8FDC-42A3-9474-1A3956D46DE8}") = "Contracts", "Contracts", "{9E630943-6BD3-430A-8E77-90F4245468BD}"
EndProject
Project("{2150E333-8FDC-42A3-9474-1A3956D46DE8}") = "SnowflakeTestApp", "SnowflakeTestApp", "{A896A39C-9F61-41E4-B700-75CAE070C5E8}"
EndProject
Project("{2150E333-8FDC-42A3-9474-1A3956D46DE8}") = "SnowflakeV2CoreLogic", "SnowflakeV2CoreLogic", "{272E9A1E-5CB0-4B43-BF96-846361606DFC}"
EndProject
Global
	GlobalSection(SolutionConfigurationPlatforms) = preSolution
		Debug|Any CPU = Debug|Any CPU
		Debug|x64 = Debug|x64
		Debug|x86 = Debug|x86
		Release|Any CPU = Release|Any CPU
		Release|x64 = Release|x64
		Release|x86 = Release|x86
	EndGlobalSection
	GlobalSection(ProjectConfigurationPlatforms) = postSolution
		{6E162B04-938C-4D8F-BADE-1840ABF7FBCF}.Debug|Any CPU.ActiveCfg = Debug|Any CPU
		{6E162B04-938C-4D8F-BADE-1840ABF7FBCF}.Debug|Any CPU.Build.0 = Debug|Any CPU
		{6E162B04-938C-4D8F-BADE-1840ABF7FBCF}.Debug|x64.ActiveCfg = Debug|Any CPU
		{6E162B04-938C-4D8F-BADE-1840ABF7FBCF}.Debug|x64.Build.0 = Debug|Any CPU
		{6E162B04-938C-4D8F-BADE-1840ABF7FBCF}.Debug|x86.ActiveCfg = Debug|Any CPU
		{6E162B04-938C-4D8F-BADE-1840ABF7FBCF}.Debug|x86.Build.0 = Debug|Any CPU
		{6E162B04-938C-4D8F-BADE-1840ABF7FBCF}.Release|Any CPU.ActiveCfg = Release|Any CPU
		{6E162B04-938C-4D8F-BADE-1840ABF7FBCF}.Release|Any CPU.Build.0 = Release|Any CPU
		{6E162B04-938C-4D8F-BADE-1840ABF7FBCF}.Release|x64.ActiveCfg = Release|Any CPU
		{6E162B04-938C-4D8F-BADE-1840ABF7FBCF}.Release|x64.Build.0 = Release|Any CPU
		{6E162B04-938C-4D8F-BADE-1840ABF7FBCF}.Release|x86.ActiveCfg = Release|Any CPU
		{6E162B04-938C-4D8F-BADE-1840ABF7FBCF}.Release|x86.Build.0 = Release|Any CPU
		{425E935C-3F14-49C5-8159-6DF28181E0FA}.Debug|Any CPU.ActiveCfg = Debug|Any CPU
		{425E935C-3F14-49C5-8159-6DF28181E0FA}.Debug|Any CPU.Build.0 = Debug|Any CPU
		{425E935C-3F14-49C5-8159-6DF28181E0FA}.Debug|x64.ActiveCfg = Debug|x64
		{425E935C-3F14-49C5-8159-6DF28181E0FA}.Debug|x64.Build.0 = Debug|x64
		{425E935C-3F14-49C5-8159-6DF28181E0FA}.Debug|x86.ActiveCfg = Debug|x86
		{425E935C-3F14-49C5-8159-6DF28181E0FA}.Debug|x86.Build.0 = Debug|x86
		{425E935C-3F14-49C5-8159-6DF28181E0FA}.Release|Any CPU.ActiveCfg = Release|Any CPU
		{425E935C-3F14-49C5-8159-6DF28181E0FA}.Release|Any CPU.Build.0 = Release|Any CPU
		{425E935C-3F14-49C5-8159-6DF28181E0FA}.Release|x64.ActiveCfg = Release|x64
		{425E935C-3F14-49C5-8159-6DF28181E0FA}.Release|x64.Build.0 = Release|x64
		{425E935C-3F14-49C5-8159-6DF28181E0FA}.Release|x86.ActiveCfg = Release|x86
		{425E935C-3F14-49C5-8159-6DF28181E0FA}.Release|x86.Build.0 = Release|x86
		{1B06B83B-05E9-4568-A918-3E019DA40254}.Debug|Any CPU.ActiveCfg = Debug|Any CPU
		{1B06B83B-05E9-4568-A918-3E019DA40254}.Debug|Any CPU.Build.0 = Debug|Any CPU
		{1B06B83B-05E9-4568-A918-3E019DA40254}.Debug|x64.ActiveCfg = Debug|Any CPU
		{1B06B83B-05E9-4568-A918-3E019DA40254}.Debug|x64.Build.0 = Debug|Any CPU
		{1B06B83B-05E9-4568-A918-3E019DA40254}.Debug|x86.ActiveCfg = Debug|Any CPU
		{1B06B83B-05E9-4568-A918-3E019DA40254}.Debug|x86.Build.0 = Debug|Any CPU
		{1B06B83B-05E9-4568-A918-3E019DA40254}.Release|Any CPU.ActiveCfg = Release|Any CPU
		{1B06B83B-05E9-4568-A918-3E019DA40254}.Release|Any CPU.Build.0 = Release|Any CPU
		{1B06B83B-05E9-4568-A918-3E019DA40254}.Release|x64.ActiveCfg = Release|Any CPU
		{1B06B83B-05E9-4568-A918-3E019DA40254}.Release|x64.Build.0 = Release|Any CPU
		{1B06B83B-05E9-4568-A918-3E019DA40254}.Release|x86.ActiveCfg = Release|Any CPU
		{1B06B83B-05E9-4568-A918-3E019DA40254}.Release|x86.Build.0 = Release|Any CPU
	EndGlobalSection
	GlobalSection(SolutionProperties) = preSolution
		HideSolutionNode = FALSE
	EndGlobalSection
	GlobalSection(NestedProjects) = preSolution
		{6E162B04-938C-4D8F-BADE-1840ABF7FBCF} = {9E630943-6BD3-430A-8E77-90F4245468BD}
		{425E935C-3F14-49C5-8159-6DF28181E0FA} = {A896A39C-9F61-41E4-B700-75CAE070C5E8}
		{1B06B83B-05E9-4568-A918-3E019DA40254} = {272E9A1E-5CB0-4B43-BF96-846361606DFC}
	EndGlobalSection
	GlobalSection(ExtensibilityGlobals) = postSolution
		SolutionGuid = {3158FCB2-22AF-4EA5-9DF9-AE35071AD5DB}
	EndGlobalSection
EndGlobal
